// !$*UTF8*$!
{
	archiveVersion = 1;
	classes = {
	};
	objectVersion = 46;
	objects = {

/* Begin PBXBuildFile section */
		904F217A1761F5BE00B8CAAF /* QuartzCore.framework in Frameworks */ = {isa = PBXBuildFile; fileRef = 904F21791761F5BE00B8CAAF /* QuartzCore.framework */; };
		90AAD7FC1761815100E6FA8E /* UIKit.framework in Frameworks */ = {isa = PBXBuildFile; fileRef = 90AAD7FB1761815100E6FA8E /* UIKit.framework */; };
		90AAD7FE1761815100E6FA8E /* Foundation.framework in Frameworks */ = {isa = PBXBuildFile; fileRef = 90AAD7FD1761815100E6FA8E /* Foundation.framework */; };
		90AAD8001761815100E6FA8E /* CoreGraphics.framework in Frameworks */ = {isa = PBXBuildFile; fileRef = 90AAD7FF1761815100E6FA8E /* CoreGraphics.framework */; };
		90AAD8061761815100E6FA8E /* InfoPlist.strings in Resources */ = {isa = PBXBuildFile; fileRef = 90AAD8041761815100E6FA8E /* InfoPlist.strings */; };
		90AAD8081761815100E6FA8E /* main.m in Sources */ = {isa = PBXBuildFile; fileRef = 90AAD8071761815100E6FA8E /* main.m */; };
		90AAD80C1761815100E6FA8E /* AppDelegate.m in Sources */ = {isa = PBXBuildFile; fileRef = 90AAD80B1761815100E6FA8E /* AppDelegate.m */; };
		90AAD80E1761815100E6FA8E /* Default.png in Resources */ = {isa = PBXBuildFile; fileRef = 90AAD80D1761815100E6FA8E /* Default.png */; };
		90AAD8101761815100E6FA8E /* Default@2x.png in Resources */ = {isa = PBXBuildFile; fileRef = 90AAD80F1761815100E6FA8E /* Default@2x.png */; };
		90AAD8121761815100E6FA8E /* Default-568h@2x.png in Resources */ = {isa = PBXBuildFile; fileRef = 90AAD8111761815100E6FA8E /* Default-568h@2x.png */; };
		90AAD8151761815100E6FA8E /* ViewController.m in Sources */ = {isa = PBXBuildFile; fileRef = 90AAD8141761815100E6FA8E /* ViewController.m */; };
		90AAD8181761815100E6FA8E /* ViewController.xib in Resources */ = {isa = PBXBuildFile; fileRef = 90AAD8161761815100E6FA8E /* ViewController.xib */; };
		90AAD8211761833700E6FA8E /* HorizontalTableView.m in Sources */ = {isa = PBXBuildFile; fileRef = 90AAD8201761833700E6FA8E /* HorizontalTableView.m */; };
		90AAD82417618D2800E6FA8E /* WKMutableStack.m in Sources */ = {isa = PBXBuildFile; fileRef = 90AAD82317618D2800E6FA8E /* WKMutableStack.m */; };
		90AAD82717618D4800E6FA8E /* HTableViewCell.m in Sources */ = {isa = PBXBuildFile; fileRef = 90AAD82617618D4800E6FA8E /* HTableViewCell.m */; };
/* End PBXBuildFile section */

/* Begin PBXFileReference section */
		904F21791761F5BE00B8CAAF /* QuartzCore.framework */ = {isa = PBXFileReference; lastKnownFileType = wrapper.framework; name = QuartzCore.framework; path = System/Library/Frameworks/QuartzCore.framework; sourceTree = SDKROOT; };
		90AAD7F81761815100E6FA8E /* HorizontalTableView.app */ = {isa = PBXFileReference; explicitFileType = wrapper.application; includeInIndex = 0; path = HorizontalTableView.app; sourceTree = BUILT_PRODUCTS_DIR; };
		90AAD7FB1761815100E6FA8E /* UIKit.framework */ = {isa = PBXFileReference; lastKnownFileType = wrapper.framework; name = UIKit.framework; path = System/Library/Frameworks/UIKit.framework; sourceTree = SDKROOT; };
		90AAD7FD1761815100E6FA8E /* Foundation.framework */ = {isa = PBXFileReference; lastKnownFileType = wrapper.framework; name = Foundation.framework; path = System/Library/Frameworks/Foundation.framework; sourceTree = SDKROOT; };
		90AAD7FF1761815100E6FA8E /* CoreGraphics.framework */ = {isa = PBXFileReference; lastKnownFileType = wrapper.framework; name = CoreGraphics.framework; path = System/Library/Frameworks/CoreGraphics.framework; sourceTree = SDKROOT; };
		90AAD8031761815100E6FA8E /* HorizontalTableView-Info.plist */ = {isa = PBXFileReference; lastKnownFileType = text.plist.xml; path = "HorizontalTableView-Info.plist"; sourceTree = "<group>"; };
		90AAD8051761815100E6FA8E /* en */ = {isa = PBXFileReference; lastKnownFileType = text.plist.strings; name = en; path = en.lproj/InfoPlist.strings; sourceTree = "<group>"; };
		90AAD8071761815100E6FA8E /* main.m */ = {isa = PBXFileReference; lastKnownFileType = sourcecode.c.objc; path = main.m; sourceTree = "<group>"; };
		90AAD8091761815100E6FA8E /* HorizontalTableView-Prefix.pch */ = {isa = PBXFileReference; lastKnownFileType = sourcecode.c.h; path = "HorizontalTableView-Prefix.pch"; sourceTree = "<group>"; };
		90AAD80A1761815100E6FA8E /* AppDelegate.h */ = {isa = PBXFileReference; lastKnownFileType = sourcecode.c.h; path = AppDelegate.h; sourceTree = "<group>"; };
		90AAD80B1761815100E6FA8E /* AppDelegate.m */ = {isa = PBXFileReference; lastKnownFileType = sourcecode.c.objc; path = AppDelegate.m; sourceTree = "<group>"; };
		90AAD80D1761815100E6FA8E /* Default.png */ = {isa = PBXFileReference; lastKnownFileType = image.png; path = Default.png; sourceTree = "<group>"; };
		90AAD80F1761815100E6FA8E /* Default@2x.png */ = {isa = PBXFileReference; lastKnownFileType = image.png; path = "Default@2x.png"; sourceTree = "<group>"; };
		90AAD8111761815100E6FA8E /* Default-568h@2x.png */ = {isa = PBXFileReference; lastKnownFileType = image.png; path = "Default-568h@2x.png"; sourceTree = "<group>"; };
		90AAD8131761815100E6FA8E /* ViewController.h */ = {isa = PBXFileReference; lastKnownFileType = sourcecode.c.h; path = ViewController.h; sourceTree = "<group>"; };
		90AAD8141761815100E6FA8E /* ViewController.m */ = {isa = PBXFileReference; lastKnownFileType = sourcecode.c.objc; path = ViewController.m; sourceTree = "<group>"; };
		90AAD8171761815100E6FA8E /* en */ = {isa = PBXFileReference; lastKnownFileType = file.xib; name = en; path = en.lproj/ViewController.xib; sourceTree = "<group>"; };
		90AAD81F1761833700E6FA8E /* HorizontalTableView.h */ = {isa = PBXFileReference; fileEncoding = 4; lastKnownFileType = sourcecode.c.h; path = HorizontalTableView.h; sourceTree = "<group>"; };
		90AAD8201761833700E6FA8E /* HorizontalTableView.m */ = {isa = PBXFileReference; fileEncoding = 4; lastKnownFileType = sourcecode.c.objc; path = HorizontalTableView.m; sourceTree = "<group>"; };
		90AAD82217618D2800E6FA8E /* WKMutableStack.h */ = {isa = PBXFileReference; fileEncoding = 4; lastKnownFileType = sourcecode.c.h; path = WKMutableStack.h; sourceTree = "<group>"; };
		90AAD82317618D2800E6FA8E /* WKMutableStack.m */ = {isa = PBXFileReference; fileEncoding = 4; lastKnownFileType = sourcecode.c.objc; path = WKMutableStack.m; sourceTree = "<group>"; };
		90AAD82517618D4800E6FA8E /* HTableViewCell.h */ = {isa = PBXFileReference; fileEncoding = 4; lastKnownFileType = sourcecode.c.h; path = HTableViewCell.h; sourceTree = "<group>"; };
		90AAD82617618D4800E6FA8E /* HTableViewCell.m */ = {isa = PBXFileReference; fileEncoding = 4; lastKnownFileType = sourcecode.c.objc; path = HTableViewCell.m; sourceTree = "<group>"; };
/* End PBXFileReference section */

/* Begin PBXFrameworksBuildPhase section */
		90AAD7F51761815100E6FA8E /* Frameworks */ = {
			isa = PBXFrameworksBuildPhase;
			buildActionMask = 2147483647;
			files = (
				904F217A1761F5BE00B8CAAF /* QuartzCore.framework in Frameworks */,
				90AAD7FC1761815100E6FA8E /* UIKit.framework in Frameworks */,
				90AAD7FE1761815100E6FA8E /* Foundation.framework in Frameworks */,
				90AAD8001761815100E6FA8E /* CoreGraphics.framework in Frameworks */,
			);
			runOnlyForDeploymentPostprocessing = 0;
		};
/* End PBXFrameworksBuildPhase section */

/* Begin PBXGroup section */
		90AAD7EF1761815100E6FA8E = {
			isa = PBXGroup;
			children = (
				90AAD8011761815100E6FA8E /* HorizontalTableView */,
				90AAD81E176181A900E6FA8E /* HorizontalTableViewKit */,
				90AAD7FA1761815100E6FA8E /* Frameworks */,
				90AAD7F91761815100E6FA8E /* Products */,
			);
			sourceTree = "<group>";
		};
		90AAD7F91761815100E6FA8E /* Products */ = {
			isa = PBXGroup;
			children = (
				90AAD7F81761815100E6FA8E /* HorizontalTableView.app */,
			);
			name = Products;
			sourceTree = "<group>";
		};
		90AAD7FA1761815100E6FA8E /* Frameworks */ = {
			isa = PBXGroup;
			children = (
				904F21791761F5BE00B8CAAF /* QuartzCore.framework */,
				90AAD7FB1761815100E6FA8E /* UIKit.framework */,
				90AAD7FD1761815100E6FA8E /* Foundation.framework */,
				90AAD7FF1761815100E6FA8E /* CoreGraphics.framework */,
			);
			name = Frameworks;
			sourceTree = "<group>";
		};
		90AAD8011761815100E6FA8E /* HorizontalTableView */ = {
			isa = PBXGroup;
			children = (
				90AAD80A1761815100E6FA8E /* AppDelegate.h */,
				90AAD80B1761815100E6FA8E /* AppDelegate.m */,
				90AAD8131761815100E6FA8E /* ViewController.h */,
				90AAD8141761815100E6FA8E /* ViewController.m */,
				90AAD8021761815100E6FA8E /* Supporting Files */,
			);
			path = HorizontalTableView;
			sourceTree = "<group>";
		};
		90AAD8021761815100E6FA8E /* Supporting Files */ = {
			isa = PBXGroup;
			children = (
				90AAD8161761815100E6FA8E /* ViewController.xib */,
				90AAD8031761815100E6FA8E /* HorizontalTableView-Info.plist */,
				90AAD8041761815100E6FA8E /* InfoPlist.strings */,
				90AAD8071761815100E6FA8E /* main.m */,
				90AAD8091761815100E6FA8E /* HorizontalTableView-Prefix.pch */,
				90AAD80D1761815100E6FA8E /* Default.png */,
				90AAD80F1761815100E6FA8E /* Default@2x.png */,
				90AAD8111761815100E6FA8E /* Default-568h@2x.png */,
			);
			name = "Supporting Files";
			sourceTree = "<group>";
		};
		90AAD81E176181A900E6FA8E /* HorizontalTableViewKit */ = {
			isa = PBXGroup;
			children = (
				90AAD81F1761833700E6FA8E /* HorizontalTableView.h */,
				90AAD8201761833700E6FA8E /* HorizontalTableView.m */,
				90AAD82517618D4800E6FA8E /* HTableViewCell.h */,
				90AAD82617618D4800E6FA8E /* HTableViewCell.m */,
				90AAD82217618D2800E6FA8E /* WKMutableStack.h */,
				90AAD82317618D2800E6FA8E /* WKMutableStack.m */,
			);
			path = HorizontalTableViewKit;
			sourceTree = "<group>";
		};
/* End PBXGroup section */

/* Begin PBXNativeTarget section */
		90AAD7F71761815100E6FA8E /* HorizontalTableView */ = {
			isa = PBXNativeTarget;
			buildConfigurationList = 90AAD81B1761815100E6FA8E /* Build configuration list for PBXNativeTarget "HorizontalTableView" */;
			buildPhases = (
				90AAD7F41761815100E6FA8E /* Sources */,
				90AAD7F51761815100E6FA8E /* Frameworks */,
				90AAD7F61761815100E6FA8E /* Resources */,
			);
			buildRules = (
			);
			dependencies = (
			);
			name = HorizontalTableView;
			productName = HorizontalTableView;
			productReference = 90AAD7F81761815100E6FA8E /* HorizontalTableView.app */;
			productType = "com.apple.product-type.application";
		};
/* End PBXNativeTarget section */

/* Begin PBXProject section */
		90AAD7F01761815100E6FA8E /* Project object */ = {
			isa = PBXProject;
			attributes = {
				LastUpgradeCheck = 0460;
				ORGANIZATIONNAME = luyuanshuo;
			};
			buildConfigurationList = 90AAD7F31761815100E6FA8E /* Build configuration list for PBXProject "HorizontalTableView" */;
			compatibilityVersion = "Xcode 3.2";
			developmentRegion = English;
			hasScannedForEncodings = 0;
			knownRegions = (
				en,
			);
			mainGroup = 90AAD7EF1761815100E6FA8E;
			productRefGroup = 90AAD7F91761815100E6FA8E /* Products */;
			projectDirPath = "";
			projectRoot = "";
			targets = (
				90AAD7F71761815100E6FA8E /* HorizontalTableView */,
			);
		};
/* End PBXProject section */

/* Begin PBXResourcesBuildPhase section */
		90AAD7F61761815100E6FA8E /* Resources */ = {
			isa = PBXResourcesBuildPhase;
			buildActionMask = 2147483647;
			files = (
				90AAD8061761815100E6FA8E /* InfoPlist.strings in Resources */,
				90AAD80E1761815100E6FA8E /* Default.png in Resources */,
				90AAD8101761815100E6FA8E /* Default@2x.png in Resources */,
				90AAD8121761815100E6FA8E /* Default-568h@2x.png in Resources */,
				90AAD8181761815100E6FA8E /* ViewController.xib in Resources */,
			);
			runOnlyForDeploymentPostprocessing = 0;
		};
/* End PBXResourcesBuildPhase section */

/* Begin PBXSourcesBuildPhase section */
		90AAD7F41761815100E6FA8E /* Sources */ = {
			isa = PBXSourcesBuildPhase;
			buildActionMask = 2147483647;
			files = (
				90AAD8081761815100E6FA8E /* main.m in Sources */,
				90AAD80C1761815100E6FA8E /* AppDelegate.m in Sources */,
				90AAD8151761815100E6FA8E /* ViewController.m in Sources */,
				90AAD8211761833700E6FA8E /* HorizontalTableView.m in Sources */,
				90AAD82417618D2800E6FA8E /* WKMutableStack.m in Sources */,
				90AAD82717618D4800E6FA8E /* HTableViewCell.m in Sources */,
			);
			runOnlyForDeploymentPostprocessing = 0;
		};
/* End PBXSourcesBuildPhase section */

/* Begin PBXVariantGroup section */
		90AAD8041761815100E6FA8E /* InfoPlist.strings */ = {
			isa = PBXVariantGroup;
			children = (
				90AAD8051761815100E6FA8E /* en */,
			);
			name = InfoPlist.strings;
			sourceTree = "<group>";
		};
		90AAD8161761815100E6FA8E /* ViewController.xib */ = {
			isa = PBXVariantGroup;
			children = (
				90AAD8171761815100E6FA8E /* en */,
			);
			name = ViewController.xib;
			sourceTree = "<group>";
		};
/* End PBXVariantGroup section */

/* Begin XCBuildConfiguration section */
		90AAD8191761815100E6FA8E /* Debug */ = {
			isa = XCBuildConfiguration;
			buildSettings = {
				ALWAYS_SEARCH_USER_PATHS = NO;
				CLANG_CXX_LANGUAGE_STANDARD = "gnu++0x";
				CLANG_CXX_LIBRARY = "libc++";
				CLANG_WARN_CONSTANT_CONVERSION = YES;
				CLANG_WARN_EMPTY_BODY = YES;
				CLANG_WARN_ENUM_CONVERSION = YES;
				CLANG_WARN_INT_CONVERSION = YES;
				CLANG_WARN__DUPLICATE_METHOD_MATCH = YES;
				"CODE_SIGN_IDENTITY[sdk=iphoneos*]" = "iPhone Developer";
				COPY_PHASE_STRIP = NO;
				GCC_C_LANGUAGE_STANDARD = gnu99;
				GCC_DYNAMIC_NO_PIC = NO;
				GCC_OPTIMIZATION_LEVEL = 0;
				GCC_PREPROCESSOR_DEFINITIONS = (
					"DEBUG=1",
					"$(inherited)",
				);
				GCC_SYMBOLS_PRIVATE_EXTERN = NO;
				GCC_WARN_ABOUT_RETURN_TYPE = YES;
				GCC_WARN_UNINITIALIZED_AUTOS = YES;
				GCC_WARN_UNUSED_VARIABLE = YES;
				IPHONEOS_DEPLOYMENT_TARGET = 6.1;
				ONLY_ACTIVE_ARCH = YES;
				SDKROOT = iphoneos;
				TARGETED_DEVICE_FAMILY = 2;
			};
			name = Debug;
		};
		90AAD81A1761815100E6FA8E /* Release */ = {
			isa = XCBuildConfiguration;
			buildSettings = {
				ALWAYS_SEARCH_USER_PATHS = NO;
				CLANG_CXX_LANGUAGE_STANDARD = "gnu++0x";
				CLANG_CXX_LIBRARY = "libc++";
				CLANG_WARN_CONSTANT_CONVERSION = YES;
				CLANG_WARN_EMPTY_BODY = YES;
				CLANG_WARN_ENUM_CONVERSION = YES;
				CLANG_WARN_INT_CONVERSION = YES;
				CLANG_WARN__DUPLICATE_METHOD_MATCH = YES;
				"CODE_SIGN_IDENTITY[sdk=iphoneos*]" = "iPhone Developer";
				COPY_PHASE_STRIP = YES;
				GCC_C_LANGUAGE_STANDARD = gnu99;
				GCC_WARN_ABOUT_RETURN_TYPE = YES;
				GCC_WARN_UNINITIALIZED_AUTOS = YES;
				GCC_WARN_UNUSED_VARIABLE = YES;
				IPHONEOS_DEPLOYMENT_TARGET = 6.1;
				OTHER_CFLAGS = "-DNS_BLOCK_ASSERTIONS=1";
				SDKROOT = iphoneos;
				TARGETED_DEVICE_FAMILY = 2;
				VALIDATE_PRODUCT = YES;
			};
			name = Release;
		};
		90AAD81C1761815100E6FA8E /* Debug */ = {
			isa = XCBuildConfiguration;
			buildSettings = {
				GCC_PRECOMPILE_PREFIX_HEADER = YES;
				GCC_PREFIX_HEADER = "HorizontalTableView/HorizontalTableView-Prefix.pch";
				INFOPLIST_FILE = "HorizontalTableView/HorizontalTableView-Info.plist";
				PRODUCT_NAME = "$(TARGET_NAME)";
				WRAPPER_EXTENSION = app;
			};
			name = Debug;
		};
		90AAD81D1761815100E6FA8E /* Release */ = {
			isa = XCBuildConfiguration;
			buildSettings = {
				GCC_PRECOMPILE_PREFIX_HEADER = YES;
				GCC_PREFIX_HEADER = "HorizontalTableView/HorizontalTableView-Prefix.pch";
				INFOPLIST_FILE = "HorizontalTableView/HorizontalTableView-Info.plist";
				PRODUCT_NAME = "$(TARGET_NAME)";
				WRAPPER_EXTENSION = app;
			};
			name = Release;
		};
/* End XCBuildConfiguration section */

/* Begin XCConfigurationList section */
		90AAD7F31761815100E6FA8E /* Build configuration list for PBXProject "HorizontalTableView" */ = {
			isa = XCConfigurationList;
			buildConfigurations = (
				90AAD8191761815100E6FA8E /* Debug */,
				90AAD81A1761815100E6FA8E /* Release */,
			);
			defaultConfigurationIsVisible = 0;
			defaultConfigurationName = Release;
		};
		90AAD81B1761815100E6FA8E /* Build configuration list for PBXNativeTarget "HorizontalTableView" */ = {
			isa = XCConfigurationList;
			buildConfigurations = (
				90AAD81C1761815100E6FA8E /* Debug */,
				90AAD81D1761815100E6FA8E /* Release */,
			);
			defaultConfigurationIsVisible = 0;
			defaultConfigurationName = Release;
		};
/* End XCConfigurationList section */
	};
	rootObject = 90AAD7F01761815100E6FA8E /* Project object */;
}
